
Microsoft Visual Studio Solution File, Format Version 12.00
# Visual Studio Version 16
VisualStudioVersion = 16.0.31424.327
MinimumVisualStudioVersion = 10.0.40219.1
Project("{FAE04EC0-301F-11D3-BF4B-00C04F79EFBC}") = "LinkedList", "LinkedList\LinkedList.csproj", "{809D49B5-D503-4A70-B106-29A294DBE7A0}"
EndProject
Project("{FAE04EC0-301F-11D3-BF4B-00C04F79EFBC}") = "TestProject1", "TestProject1\TestProject1.csproj", "{0AEF7127-5002-4ECE-852F-5A5A1DBDC12E}"
EndProject
Global
	GlobalSection(SolutionConfigurationPlatforms) = preSolution
		Debug|Any CPU = Debug|Any CPU
		Release|Any CPU = Release|Any CPU
	EndGlobalSection
	GlobalSection(ProjectConfigurationPlatforms) = postSolution
		{809D49B5-D503-4A70-B106-29A294DBE7A0}.Debug|Any CPU.ActiveCfg = Debug|Any CPU
		{809D49B5-D503-4A70-B106-29A294DBE7A0}.Debug|Any CPU.Build.0 = Debug|Any CPU
		{809D49B5-D503-4A70-B106-29A294DBE7A0}.Release|Any CPU.ActiveCfg = Release|Any CPU
		{809D49B5-D503-4A70-B106-29A294DBE7A0}.Release|Any CPU.Build.0 = Release|Any CPU
		{0AEF7127-5002-4ECE-852F-5A5A1DBDC12E}.Debug|Any CPU.ActiveCfg = Debug|Any CPU
		{0AEF7127-5002-4ECE-852F-5A5A1DBDC12E}.Debug|Any CPU.Build.0 = Debug|Any CPU
		{0AEF7127-5002-4ECE-852F-5A5A1DBDC12E}.Release|Any CPU.ActiveCfg = Release|Any CPU
		{0AEF7127-5002-4ECE-852F-5A5A1DBDC12E}.Release|Any CPU.Build.0 = Release|Any CPU
	EndGlobalSection
	GlobalSection(SolutionProperties) = preSolution
		HideSolutionNode = FALSE
	EndGlobalSection
	GlobalSection(ExtensibilityGlobals) = postSolution
		SolutionGuid = {213E7936-162A-41D9-9932-871E53E6A06F}
	EndGlobalSection
EndGlobal
